
Microsoft Visual Studio Solution File, Format Version 12.00
# Visual Studio Version 16
VisualStudioVersion = 16.0.31005.135
MinimumVisualStudioVersion = 10.0.40219.1
Project("{8BC9CEB8-8B4A-11D0-8D11-00A0C91BC942}") = "SDL-DirectScreen", "SDL-DirectScreen.vcxproj", "{8AE3B239-5D1D-4D61-8E76-6FEADF046178}"
EndProject
Global
	GlobalSection(SolutionConfigurationPlatforms) = preSolution
		Unk|x86 = Unk|x86
	EndGlobalSection
	GlobalSection(ProjectConfigurationPlatforms) = postSolution
		{8AE3B239-5D1D-4D61-8E76-6FEADF046178}.Unk|x86.ActiveCfg = Binary|Win32
		{8AE3B239-5D1D-4D61-8E76-6FEADF046178}.Unk|x86.Build.0 = Binary|Win32
	EndGlobalSection
	GlobalSection(SolutionProperties) = preSolution
		HideSolutionNode = FALSE
	EndGlobalSection
	GlobalSection(ExtensibilityGlobals) = postSolution
		SolutionGuid = {D765B179-6998-4480-BD2A-9804C515673B}
	EndGlobalSection
EndGlobal
